
Microsoft Visual Studio Solution File, Format Version 12.00
# Visual Studio Version 16
VisualStudioVersion = 16.0.29613.14
MinimumVisualStudioVersion = 10.0.40219.1
Project("{9A19103F-16F7-4668-BE54-9A1E7A4F7556}") = "BlazorAppSample", "BlazorAppSample\BlazorAppSample.csproj", "{15475C66-26CB-42FE-BD5C-BCAC7A676231}"
EndProject
Project("{FAE04EC0-301F-11D3-BF4B-00C04F79EFBC}") = "ODataApiSample", "ODataApiSample\ODataApiSample.csproj", "{11D95DBF-EE0B-41C5-B0CC-7EDE693F470E}"
EndProject
Global
	GlobalSection(SolutionConfigurationPlatforms) = preSolution
		Debug|Any CPU = Debug|Any CPU
		Release|Any CPU = Release|Any CPU
	EndGlobalSection
	GlobalSection(ProjectConfigurationPlatforms) = postSolution
		{15475C66-26CB-42FE-BD5C-BCAC7A676231}.Debug|Any CPU.ActiveCfg = Debug|Any CPU
		{15475C66-26CB-42FE-BD5C-BCAC7A676231}.Debug|Any CPU.Build.0 = Debug|Any CPU
		{15475C66-26CB-42FE-BD5C-BCAC7A676231}.Release|Any CPU.ActiveCfg = Release|Any CPU
		{15475C66-26CB-42FE-BD5C-BCAC7A676231}.Release|Any CPU.Build.0 = Release|Any CPU
		{11D95DBF-EE0B-41C5-B0CC-7EDE693F470E}.Debug|Any CPU.ActiveCfg = Debug|Any CPU
		{11D95DBF-EE0B-41C5-B0CC-7EDE693F470E}.Debug|Any CPU.Build.0 = Debug|Any CPU
		{11D95DBF-EE0B-41C5-B0CC-7EDE693F470E}.Release|Any CPU.ActiveCfg = Release|Any CPU
		{11D95DBF-EE0B-41C5-B0CC-7EDE693F470E}.Release|Any CPU.Build.0 = Release|Any CPU
	EndGlobalSection
	GlobalSection(SolutionProperties) = preSolution
		HideSolutionNode = FALSE
	EndGlobalSection
	GlobalSection(ExtensibilityGlobals) = postSolution
		SolutionGuid = {D5CEAEB3-C1D6-4980-9FA2-40DD19E69440}
	EndGlobalSection
EndGlobal
